// !$*UTF8*$!
{
	archiveVersion = 1;
	classes = {
	};
	objectVersion = 46;
	objects = {

/* Begin PBXBuildFile section */
		92113C8C19D0B57200E430DF /* AGSpriteButton.m in Sources */ = {isa = PBXBuildFile; fileRef = 92113C8B19D0B57200E430DF /* AGSpriteButton.m */; };
		9213FCC819D2182E009DC92C /* SceneManager.m in Sources */ = {isa = PBXBuildFile; fileRef = 9213FCC719D2182E009DC92C /* SceneManager.m */; };
		9246B83B19E72EDF0001ED15 /* spark.png in Resources */ = {isa = PBXBuildFile; fileRef = 9246B83919E72EDF0001ED15 /* spark.png */; };
		9246B84519E73B240001ED15 /* MatchParticle.sks in Resources */ = {isa = PBXBuildFile; fileRef = 9246B84319E73B240001ED15 /* MatchParticle.sks */; };
		9246B84819E763030001ED15 /* swoosh.mp3 in Resources */ = {isa = PBXBuildFile; fileRef = 9246B84719E763030001ED15 /* swoosh.mp3 */; };
		926225FC19E6225100B95BED /* CoreData.framework in Frameworks */ = {isa = PBXBuildFile; fileRef = 926225FB19E6225100B95BED /* CoreData.framework */; };
		926225FE19E6225B00B95BED /* SystemConfiguration.framework in Frameworks */ = {isa = PBXBuildFile; fileRef = 926225FD19E6225B00B95BED /* SystemConfiguration.framework */; };
		9262260019E6226F00B95BED /* libz.dylib in Frameworks */ = {isa = PBXBuildFile; fileRef = 926225FF19E6226F00B95BED /* libz.dylib */; };
		9262260B19E65B5F00B95BED /* Social.framework in Frameworks */ = {isa = PBXBuildFile; fileRef = 9262260919E65B1800B95BED /* Social.framework */; };
		928763B919E7988F004D3D0A /* libAdIdAccess.a in Frameworks */ = {isa = PBXBuildFile; fileRef = 928763B719E7988F004D3D0A /* libAdIdAccess.a */; };
		928763BA19E7988F004D3D0A /* libGoogleAnalyticsServices.a in Frameworks */ = {isa = PBXBuildFile; fileRef = 928763B819E7988F004D3D0A /* libGoogleAnalyticsServices.a */; };
		9287DDE319CF8C84009ADD5F /* main.m in Sources */ = {isa = PBXBuildFile; fileRef = 9287DDE219CF8C84009ADD5F /* main.m */; };
		9287DDE619CF8C84009ADD5F /* AppDelegate.m in Sources */ = {isa = PBXBuildFile; fileRef = 9287DDE519CF8C84009ADD5F /* AppDelegate.m */; };
		9287DDE919CF8C84009ADD5F /* GameScene.m in Sources */ = {isa = PBXBuildFile; fileRef = 9287DDE819CF8C84009ADD5F /* GameScene.m */; };
		9287DDEE19CF8C84009ADD5F /* GameViewController.m in Sources */ = {isa = PBXBuildFile; fileRef = 9287DDED19CF8C84009ADD5F /* GameViewController.m */; };
		9287DDF119CF8C84009ADD5F /* Main.storyboard in Resources */ = {isa = PBXBuildFile; fileRef = 9287DDEF19CF8C84009ADD5F /* Main.storyboard */; };
		9287DDF319CF8C84009ADD5F /* Images.xcassets in Resources */ = {isa = PBXBuildFile; fileRef = 9287DDF219CF8C84009ADD5F /* Images.xcassets */; };
		9287DDF619CF8C84009ADD5F /* LaunchScreen.xib in Resources */ = {isa = PBXBuildFile; fileRef = 9287DDF419CF8C84009ADD5F /* LaunchScreen.xib */; };
		9287DE0219CF8C84009ADD5F /* Match_the_ArrowTests.m in Sources */ = {isa = PBXBuildFile; fileRef = 9287DE0119CF8C84009ADD5F /* Match_the_ArrowTests.m */; };
		9287DE1019CF8D1B009ADD5F /* MenuScene.m in Sources */ = {isa = PBXBuildFile; fileRef = 9287DE0F19CF8D1B009ADD5F /* MenuScene.m */; };
		9287DE1219CF922F009ADD5F /* GameKit.framework in Frameworks */ = {isa = PBXBuildFile; fileRef = 9287DE1119CF922F009ADD5F /* GameKit.framework */; };
		9287DE1519CF97CD009ADD5F /* GameKitHelper.m in Sources */ = {isa = PBXBuildFile; fileRef = 9287DE1419CF97CD009ADD5F /* GameKitHelper.m */; };
		92C6657F19D11B4500353FC9 /* iAd.framework in Frameworks */ = {isa = PBXBuildFile; fileRef = 92C6657E19D11B4500353FC9 /* iAd.framework */; };
/* End PBXBuildFile section */

/* Begin PBXContainerItemProxy section */
		9287DDFC19CF8C84009ADD5F /* PBXContainerItemProxy */ = {
			isa = PBXContainerItemProxy;
			containerPortal = 9287DDD519CF8C84009ADD5F /* Project object */;
			proxyType = 1;
			remoteGlobalIDString = 9287DDDC19CF8C84009ADD5F;
			remoteInfo = "Match the Arrow";
		};
/* End PBXContainerItemProxy section */

/* Begin PBXFileReference section */
		92113C8A19D0B57200E430DF /* AGSpriteButton.h */ = {isa = PBXFileReference; fileEncoding = 4; lastKnownFileType = sourcecode.c.h; path = AGSpriteButton.h; sourceTree = "<group>"; };
		92113C8B19D0B57200E430DF /* AGSpriteButton.m */ = {isa = PBXFileReference; fileEncoding = 4; lastKnownFileType = sourcecode.c.objc; path = AGSpriteButton.m; sourceTree = "<group>"; };
		9213FCC619D2182E009DC92C /* SceneManager.h */ = {isa = PBXFileReference; fileEncoding = 4; lastKnownFileType = sourcecode.c.h; path = SceneManager.h; sourceTree = "<group>"; };
		9213FCC719D2182E009DC92C /* SceneManager.m */ = {isa = PBXFileReference; fileEncoding = 4; lastKnownFileType = sourcecode.c.objc; path = SceneManager.m; sourceTree = "<group>"; };
		9246B83919E72EDF0001ED15 /* spark.png */ = {isa = PBXFileReference; lastKnownFileType = image.png; path = spark.png; sourceTree = "<group>"; };
		9246B84319E73B240001ED15 /* MatchParticle.sks */ = {isa = PBXFileReference; lastKnownFileType = file.sks; path = MatchParticle.sks; sourceTree = "<group>"; };
		9246B84719E763030001ED15 /* swoosh.mp3 */ = {isa = PBXFileReference; lastKnownFileType = audio.mp3; path = swoosh.mp3; sourceTree = "<group>"; };
		926225F219E6223300B95BED /* GAI.h */ = {isa = PBXFileReference; fileEncoding = 4; lastKnownFileType = sourcecode.c.h; path = GAI.h; sourceTree = "<group>"; };
		926225F319E6223300B95BED /* GAIDictionaryBuilder.h */ = {isa = PBXFileReference; fileEncoding = 4; lastKnownFileType = sourcecode.c.h; path = GAIDictionaryBuilder.h; sourceTree = "<group>"; };
		926225F419E6223300B95BED /* GAIEcommerceProduct.h */ = {isa = PBXFileReference; fileEncoding = 4; lastKnownFileType = sourcecode.c.h; path = GAIEcommerceProduct.h; sourceTree = "<group>"; };
		926225F519E6223300B95BED /* GAIEcommerceProductAction.h */ = {isa = PBXFileReference; fileEncoding = 4; lastKnownFileType = sourcecode.c.h; path = GAIEcommerceProductAction.h; sourceTree = "<group>"; };
		926225F619E6223300B95BED /* GAIEcommercePromotion.h */ = {isa = PBXFileReference; fileEncoding = 4; lastKnownFileType = sourcecode.c.h; path = GAIEcommercePromotion.h; sourceTree = "<group>"; };
		926225F719E6223300B95BED /* GAIFields.h */ = {isa = PBXFileReference; fileEncoding = 4; lastKnownFileType = sourcecode.c.h; path = GAIFields.h; sourceTree = "<group>"; };
		926225F819E6223300B95BED /* GAILogger.h */ = {isa = PBXFileReference; fileEncoding = 4; lastKnownFileType = sourcecode.c.h; path = GAILogger.h; sourceTree = "<group>"; };
		926225F919E6223300B95BED /* GAITrackedViewController.h */ = {isa = PBXFileReference; fileEncoding = 4; lastKnownFileType = sourcecode.c.h; path = GAITrackedViewController.h; sourceTree = "<group>"; };
		926225FA19E6223300B95BED /* GAITracker.h */ = {isa = PBXFileReference; fileEncoding = 4; lastKnownFileType = sourcecode.c.h; path = GAITracker.h; sourceTree = "<group>"; };
		926225FB19E6225100B95BED /* CoreData.framework */ = {isa = PBXFileReference; lastKnownFileType = wrapper.framework; name = CoreData.framework; path = System/Library/Frameworks/CoreData.framework; sourceTree = SDKROOT; };
		926225FD19E6225B00B95BED /* SystemConfiguration.framework */ = {isa = PBXFileReference; lastKnownFileType = wrapper.framework; name = SystemConfiguration.framework; path = System/Library/Frameworks/SystemConfiguration.framework; sourceTree = SDKROOT; };
		926225FF19E6226F00B95BED /* libz.dylib */ = {isa = PBXFileReference; lastKnownFileType = "compiled.mach-o.dylib"; name = libz.dylib; path = usr/lib/libz.dylib; sourceTree = SDKROOT; };
		9262260119E62CA500B95BED /* GAIEcommerceFields.h */ = {isa = PBXFileReference; fileEncoding = 4; lastKnownFileType = sourcecode.c.h; path = GAIEcommerceFields.h; sourceTree = "<group>"; };
		9262260919E65B1800B95BED /* Social.framework */ = {isa = PBXFileReference; lastKnownFileType = wrapper.framework; name = Social.framework; path = System/Library/Frameworks/Social.framework; sourceTree = SDKROOT; };
		928763B719E7988F004D3D0A /* libAdIdAccess.a */ = {isa = PBXFileReference; lastKnownFileType = archive.ar; path = libAdIdAccess.a; sourceTree = "<group>"; };
		928763B819E7988F004D3D0A /* libGoogleAnalyticsServices.a */ = {isa = PBXFileReference; lastKnownFileType = archive.ar; path = libGoogleAnalyticsServices.a; sourceTree = "<group>"; };
		9287DDDD19CF8C84009ADD5F /* Match the Arrow.app */ = {isa = PBXFileReference; explicitFileType = wrapper.application; includeInIndex = 0; path = "Match the Arrow.app"; sourceTree = BUILT_PRODUCTS_DIR; };
		9287DDE119CF8C84009ADD5F /* Info.plist */ = {isa = PBXFileReference; lastKnownFileType = text.plist.xml; path = Info.plist; sourceTree = "<group>"; };
		9287DDE219CF8C84009ADD5F /* main.m */ = {isa = PBXFileReference; lastKnownFileType = sourcecode.c.objc; path = main.m; sourceTree = "<group>"; };
		9287DDE419CF8C84009ADD5F /* AppDelegate.h */ = {isa = PBXFileReference; lastKnownFileType = sourcecode.c.h; path = AppDelegate.h; sourceTree = "<group>"; };
		9287DDE519CF8C84009ADD5F /* AppDelegate.m */ = {isa = PBXFileReference; lastKnownFileType = sourcecode.c.objc; path = AppDelegate.m; sourceTree = "<group>"; };
		9287DDE719CF8C84009ADD5F /* GameScene.h */ = {isa = PBXFileReference; lastKnownFileType = sourcecode.c.h; path = GameScene.h; sourceTree = "<group>"; };
		9287DDE819CF8C84009ADD5F /* GameScene.m */ = {isa = PBXFileReference; lastKnownFileType = sourcecode.c.objc; path = GameScene.m; sourceTree = "<group>"; };
		9287DDEC19CF8C84009ADD5F /* GameViewController.h */ = {isa = PBXFileReference; lastKnownFileType = sourcecode.c.h; path = GameViewController.h; sourceTree = "<group>"; };
		9287DDED19CF8C84009ADD5F /* GameViewController.m */ = {isa = PBXFileReference; lastKnownFileType = sourcecode.c.objc; path = GameViewController.m; sourceTree = "<group>"; };
		9287DDF019CF8C84009ADD5F /* Base */ = {isa = PBXFileReference; lastKnownFileType = file.storyboard; name = Base; path = Base.lproj/Main.storyboard; sourceTree = "<group>"; };
		9287DDF219CF8C84009ADD5F /* Images.xcassets */ = {isa = PBXFileReference; lastKnownFileType = folder.assetcatalog; path = Images.xcassets; sourceTree = "<group>"; };
		9287DDF519CF8C84009ADD5F /* Base */ = {isa = PBXFileReference; lastKnownFileType = file.xib; name = Base; path = Base.lproj/LaunchScreen.xib; sourceTree = "<group>"; };
		9287DDFB19CF8C84009ADD5F /* Match the ArrowTests.xctest */ = {isa = PBXFileReference; explicitFileType = wrapper.cfbundle; includeInIndex = 0; path = "Match the ArrowTests.xctest"; sourceTree = BUILT_PRODUCTS_DIR; };
		9287DE0019CF8C84009ADD5F /* Info.plist */ = {isa = PBXFileReference; lastKnownFileType = text.plist.xml; path = Info.plist; sourceTree = "<group>"; };
		9287DE0119CF8C84009ADD5F /* Match_the_ArrowTests.m */ = {isa = PBXFileReference; lastKnownFileType = sourcecode.c.objc; path = Match_the_ArrowTests.m; sourceTree = "<group>"; };
		9287DE0E19CF8D1B009ADD5F /* MenuScene.h */ = {isa = PBXFileReference; fileEncoding = 4; lastKnownFileType = sourcecode.c.h; path = MenuScene.h; sourceTree = "<group>"; };
		9287DE0F19CF8D1B009ADD5F /* MenuScene.m */ = {isa = PBXFileReference; fileEncoding = 4; lastKnownFileType = sourcecode.c.objc; path = MenuScene.m; sourceTree = "<group>"; };
		9287DE1119CF922F009ADD5F /* GameKit.framework */ = {isa = PBXFileReference; lastKnownFileType = wrapper.framework; name = GameKit.framework; path = System/Library/Frameworks/GameKit.framework; sourceTree = SDKROOT; };
		9287DE1319CF97CD009ADD5F /* GameKitHelper.h */ = {isa = PBXFileReference; fileEncoding = 4; lastKnownFileType = sourcecode.c.h; path = GameKitHelper.h; sourceTree = "<group>"; };
		9287DE1419CF97CD009ADD5F /* GameKitHelper.m */ = {isa = PBXFileReference; fileEncoding = 4; lastKnownFileType = sourcecode.c.objc; path = GameKitHelper.m; sourceTree = "<group>"; };
		92C6657E19D11B4500353FC9 /* iAd.framework */ = {isa = PBXFileReference; lastKnownFileType = wrapper.framework; name = iAd.framework; path = System/Library/Frameworks/iAd.framework; sourceTree = SDKROOT; };
/* End PBXFileReference section */

/* Begin PBXFrameworksBuildPhase section */
		9287DDDA19CF8C84009ADD5F /* Frameworks */ = {
			isa = PBXFrameworksBuildPhase;
			buildActionMask = 2147483647;
			files = (
				9262260019E6226F00B95BED /* libz.dylib in Frameworks */,
				928763B919E7988F004D3D0A /* libAdIdAccess.a in Frameworks */,
				926225FE19E6225B00B95BED /* SystemConfiguration.framework in Frameworks */,
				928763BA19E7988F004D3D0A /* libGoogleAnalyticsServices.a in Frameworks */,
				92C6657F19D11B4500353FC9 /* iAd.framework in Frameworks */,
				9287DE1219CF922F009ADD5F /* GameKit.framework in Frameworks */,
				926225FC19E6225100B95BED /* CoreData.framework in Frameworks */,
				9262260B19E65B5F00B95BED /* Social.framework in Frameworks */,
			);
			runOnlyForDeploymentPostprocessing = 0;
		};
		9287DDF819CF8C84009ADD5F /* Frameworks */ = {
			isa = PBXFrameworksBuildPhase;
			buildActionMask = 2147483647;
			files = (
			);
			runOnlyForDeploymentPostprocessing = 0;
		};
/* End PBXFrameworksBuildPhase section */

/* Begin PBXGroup section */
		92113C8D19D0FECB00E430DF /* AGSprite */ = {
			isa = PBXGroup;
			children = (
				92113C8A19D0B57200E430DF /* AGSpriteButton.h */,
				92113C8B19D0B57200E430DF /* AGSpriteButton.m */,
			);
			name = AGSprite;
			sourceTree = "<group>";
		};
		923E071219D24E1100BD8D68 /* Scenes */ = {
			isa = PBXGroup;
			children = (
				9287DDE719CF8C84009ADD5F /* GameScene.h */,
				9287DDE819CF8C84009ADD5F /* GameScene.m */,
				9287DE0E19CF8D1B009ADD5F /* MenuScene.h */,
				9287DE0F19CF8D1B009ADD5F /* MenuScene.m */,
			);
			name = Scenes;
			sourceTree = "<group>";
		};
		923E071319D24E3A00BD8D68 /* Helpers */ = {
			isa = PBXGroup;
			children = (
				9287DE1319CF97CD009ADD5F /* GameKitHelper.h */,
				9287DE1419CF97CD009ADD5F /* GameKitHelper.m */,
			);
			name = Helpers;
			sourceTree = "<group>";
		};
		9246B84019E734F70001ED15 /* Particles */ = {
			isa = PBXGroup;
			children = (
				9246B83919E72EDF0001ED15 /* spark.png */,
				9246B84319E73B240001ED15 /* MatchParticle.sks */,
			);
			name = Particles;
			sourceTree = "<group>";
		};
		926225F119E621FE00B95BED /* Google Analytics */ = {
			isa = PBXGroup;
			children = (
				928763B719E7988F004D3D0A /* libAdIdAccess.a */,
				928763B819E7988F004D3D0A /* libGoogleAnalyticsServices.a */,
				926225F219E6223300B95BED /* GAI.h */,
				926225F319E6223300B95BED /* GAIDictionaryBuilder.h */,
				9262260119E62CA500B95BED /* GAIEcommerceFields.h */,
				926225F419E6223300B95BED /* GAIEcommerceProduct.h */,
				926225F519E6223300B95BED /* GAIEcommerceProductAction.h */,
				926225F619E6223300B95BED /* GAIEcommercePromotion.h */,
				926225F719E6223300B95BED /* GAIFields.h */,
				926225F819E6223300B95BED /* GAILogger.h */,
				926225F919E6223300B95BED /* GAITrackedViewController.h */,
				926225FA19E6223300B95BED /* GAITracker.h */,
			);
			name = "Google Analytics";
			sourceTree = "<group>";
		};
		9287DDD419CF8C84009ADD5F = {
			isa = PBXGroup;
			children = (
				9287DDDF19CF8C84009ADD5F /* Match the Arrow */,
				9287DDFE19CF8C84009ADD5F /* Match the ArrowTests */,
				9287DDDE19CF8C84009ADD5F /* Products */,
			);
			sourceTree = "<group>";
		};
		9287DDDE19CF8C84009ADD5F /* Products */ = {
			isa = PBXGroup;
			children = (
				9287DDDD19CF8C84009ADD5F /* Match the Arrow.app */,
				9287DDFB19CF8C84009ADD5F /* Match the ArrowTests.xctest */,
			);
			name = Products;
			sourceTree = "<group>";
		};
		9287DDDF19CF8C84009ADD5F /* Match the Arrow */ = {
			isa = PBXGroup;
			children = (
				9287DDE419CF8C84009ADD5F /* AppDelegate.h */,
				9287DDE519CF8C84009ADD5F /* AppDelegate.m */,
				9287DDEC19CF8C84009ADD5F /* GameViewController.h */,
				9287DDED19CF8C84009ADD5F /* GameViewController.m */,
				923E071319D24E3A00BD8D68 /* Helpers */,
				9287DDF219CF8C84009ADD5F /* Images.xcassets */,
				9287DDF419CF8C84009ADD5F /* LaunchScreen.xib */,
				9287DDEF19CF8C84009ADD5F /* Main.storyboard */,
				9246B84019E734F70001ED15 /* Particles */,
				9213FCC619D2182E009DC92C /* SceneManager.h */,
				9213FCC719D2182E009DC92C /* SceneManager.m */,
				923E071219D24E1100BD8D68 /* Scenes */,
				9287DDE019CF8C84009ADD5F /* Supporting Files */,
			);
			path = "Match the Arrow";
			sourceTree = "<group>";
		};
		9287DDE019CF8C84009ADD5F /* Supporting Files */ = {
			isa = PBXGroup;
			children = (
				9246B84719E763030001ED15 /* swoosh.mp3 */,
				92113C8D19D0FECB00E430DF /* AGSprite */,
				926225FB19E6225100B95BED /* CoreData.framework */,
				9287DE1119CF922F009ADD5F /* GameKit.framework */,
				926225F119E621FE00B95BED /* Google Analytics */,
				92C6657E19D11B4500353FC9 /* iAd.framework */,
				9287DDE119CF8C84009ADD5F /* Info.plist */,
				926225FF19E6226F00B95BED /* libz.dylib */,
				9287DDE219CF8C84009ADD5F /* main.m */,
				9262260919E65B1800B95BED /* Social.framework */,
				926225FD19E6225B00B95BED /* SystemConfiguration.framework */,
			);
			name = "Supporting Files";
			sourceTree = "<group>";
		};
		9287DDFE19CF8C84009ADD5F /* Match the ArrowTests */ = {
			isa = PBXGroup;
			children = (
				9287DE0119CF8C84009ADD5F /* Match_the_ArrowTests.m */,
				9287DDFF19CF8C84009ADD5F /* Supporting Files */,
			);
			path = "Match the ArrowTests";
			sourceTree = "<group>";
		};
		9287DDFF19CF8C84009ADD5F /* Supporting Files */ = {
			isa = PBXGroup;
			children = (
				9287DE0019CF8C84009ADD5F /* Info.plist */,
			);
			name = "Supporting Files";
			sourceTree = "<group>";
		};
/* End PBXGroup section */

/* Begin PBXNativeTarget section */
		9287DDDC19CF8C84009ADD5F /* Match the Arrow */ = {
			isa = PBXNativeTarget;
			buildConfigurationList = 9287DE0519CF8C84009ADD5F /* Build configuration list for PBXNativeTarget "Match the Arrow" */;
			buildPhases = (
				9287DDD919CF8C84009ADD5F /* Sources */,
				9287DDDA19CF8C84009ADD5F /* Frameworks */,
				9287DDDB19CF8C84009ADD5F /* Resources */,
			);
			buildRules = (
			);
			dependencies = (
			);
			name = "Match the Arrow";
			productName = "Match the Arrow";
			productReference = 9287DDDD19CF8C84009ADD5F /* Match the Arrow.app */;
			productType = "com.apple.product-type.application";
		};
		9287DDFA19CF8C84009ADD5F /* Match the ArrowTests */ = {
			isa = PBXNativeTarget;
			buildConfigurationList = 9287DE0819CF8C84009ADD5F /* Build configuration list for PBXNativeTarget "Match the ArrowTests" */;
			buildPhases = (
				9287DDF719CF8C84009ADD5F /* Sources */,
				9287DDF819CF8C84009ADD5F /* Frameworks */,
				9287DDF919CF8C84009ADD5F /* Resources */,
			);
			buildRules = (
			);
			dependencies = (
				9287DDFD19CF8C84009ADD5F /* PBXTargetDependency */,
			);
			name = "Match the ArrowTests";
			productName = "Match the ArrowTests";
			productReference = 9287DDFB19CF8C84009ADD5F /* Match the ArrowTests.xctest */;
			productType = "com.apple.product-type.bundle.unit-test";
		};
/* End PBXNativeTarget section */

/* Begin PBXProject section */
		9287DDD519CF8C84009ADD5F /* Project object */ = {
			isa = PBXProject;
			attributes = {
				LastUpgradeCheck = 0600;
				ORGANIZATIONNAME = "Anthony Vella";
				TargetAttributes = {
					9287DDDC19CF8C84009ADD5F = {
						CreatedOnToolsVersion = 6.0;
						DevelopmentTeam = 8Q7Z4BNPVX;
						SystemCapabilities = {
							com.apple.GameCenter = {
								enabled = 1;
							};
							com.apple.InAppPurchase = {
								enabled = 0;
							};
						};
					};
					9287DDFA19CF8C84009ADD5F = {
						CreatedOnToolsVersion = 6.0;
						TestTargetID = 9287DDDC19CF8C84009ADD5F;
					};
				};
			};
			buildConfigurationList = 9287DDD819CF8C84009ADD5F /* Build configuration list for PBXProject "Match the Arrow" */;
			compatibilityVersion = "Xcode 3.2";
			developmentRegion = English;
			hasScannedForEncodings = 0;
			knownRegions = (
				en,
				Base,
			);
			mainGroup = 9287DDD419CF8C84009ADD5F;
			productRefGroup = 9287DDDE19CF8C84009ADD5F /* Products */;
			projectDirPath = "";
			projectRoot = "";
			targets = (
				9287DDDC19CF8C84009ADD5F /* Match the Arrow */,
				9287DDFA19CF8C84009ADD5F /* Match the ArrowTests */,
			);
		};
/* End PBXProject section */

/* Begin PBXResourcesBuildPhase section */
		9287DDDB19CF8C84009ADD5F /* Resources */ = {
			isa = PBXResourcesBuildPhase;
			buildActionMask = 2147483647;
			files = (
				9246B83B19E72EDF0001ED15 /* spark.png in Resources */,
				9287DDF619CF8C84009ADD5F /* LaunchScreen.xib in Resources */,
				9246B84819E763030001ED15 /* swoosh.mp3 in Resources */,
				9246B84519E73B240001ED15 /* MatchParticle.sks in Resources */,
				9287DDF319CF8C84009ADD5F /* Images.xcassets in Resources */,
				9287DDF119CF8C84009ADD5F /* Main.storyboard in Resources */,
			);
			runOnlyForDeploymentPostprocessing = 0;
		};
		9287DDF919CF8C84009ADD5F /* Resources */ = {
			isa = PBXResourcesBuildPhase;
			buildActionMask = 2147483647;
			files = (
			);
			runOnlyForDeploymentPostprocessing = 0;
		};
/* End PBXResourcesBuildPhase section */

/* Begin PBXSourcesBuildPhase section */
		9287DDD919CF8C84009ADD5F /* Sources */ = {
			isa = PBXSourcesBuildPhase;
			buildActionMask = 2147483647;
			files = (
				9287DDEE19CF8C84009ADD5F /* GameViewController.m in Sources */,
				9287DDE619CF8C84009ADD5F /* AppDelegate.m in Sources */,
				9287DE1519CF97CD009ADD5F /* GameKitHelper.m in Sources */,
				9287DE1019CF8D1B009ADD5F /* MenuScene.m in Sources */,
				9287DDE919CF8C84009ADD5F /* GameScene.m in Sources */,
				92113C8C19D0B57200E430DF /* AGSpriteButton.m in Sources */,
				9287DDE319CF8C84009ADD5F /* main.m in Sources */,
				9213FCC819D2182E009DC92C /* SceneManager.m in Sources */,
			);
			runOnlyForDeploymentPostprocessing = 0;
		};
		9287DDF719CF8C84009ADD5F /* Sources */ = {
			isa = PBXSourcesBuildPhase;
			buildActionMask = 2147483647;
			files = (
				9287DE0219CF8C84009ADD5F /* Match_the_ArrowTests.m in Sources */,
			);
			runOnlyForDeploymentPostprocessing = 0;
		};
/* End PBXSourcesBuildPhase section */

/* Begin PBXTargetDependency section */
		9287DDFD19CF8C84009ADD5F /* PBXTargetDependency */ = {
			isa = PBXTargetDependency;
			target = 9287DDDC19CF8C84009ADD5F /* Match the Arrow */;
			targetProxy = 9287DDFC19CF8C84009ADD5F /* PBXContainerItemProxy */;
		};
/* End PBXTargetDependency section */

/* Begin PBXVariantGroup section */
		9287DDEF19CF8C84009ADD5F /* Main.storyboard */ = {
			isa = PBXVariantGroup;
			children = (
				9287DDF019CF8C84009ADD5F /* Base */,
			);
			name = Main.storyboard;
			sourceTree = "<group>";
		};
		9287DDF419CF8C84009ADD5F /* LaunchScreen.xib */ = {
			isa = PBXVariantGroup;
			children = (
				9287DDF519CF8C84009ADD5F /* Base */,
			);
			name = LaunchScreen.xib;
			sourceTree = "<group>";
		};
/* End PBXVariantGroup section */

/* Begin XCBuildConfiguration section */
		9287DE0319CF8C84009ADD5F /* Debug */ = {
			isa = XCBuildConfiguration;
			buildSettings = {
				ALWAYS_SEARCH_USER_PATHS = NO;
				CLANG_CXX_LANGUAGE_STANDARD = "gnu++0x";
				CLANG_CXX_LIBRARY = "libc++";
				CLANG_ENABLE_MODULES = YES;
				CLANG_ENABLE_OBJC_ARC = YES;
				CLANG_WARN_BOOL_CONVERSION = YES;
				CLANG_WARN_CONSTANT_CONVERSION = YES;
				CLANG_WARN_DIRECT_OBJC_ISA_USAGE = YES_ERROR;
				CLANG_WARN_EMPTY_BODY = YES;
				CLANG_WARN_ENUM_CONVERSION = YES;
				CLANG_WARN_INT_CONVERSION = YES;
				CLANG_WARN_OBJC_ROOT_CLASS = YES_ERROR;
				CLANG_WARN_UNREACHABLE_CODE = YES;
				CLANG_WARN__DUPLICATE_METHOD_MATCH = YES;
				"CODE_SIGN_IDENTITY[sdk=iphoneos*]" = "iPhone Developer";
				COPY_PHASE_STRIP = NO;
				ENABLE_STRICT_OBJC_MSGSEND = YES;
				GCC_C_LANGUAGE_STANDARD = gnu99;
				GCC_DYNAMIC_NO_PIC = NO;
				GCC_OPTIMIZATION_LEVEL = 0;
				GCC_PREPROCESSOR_DEFINITIONS = (
					"DEBUG=1",
					"$(inherited)",
				);
				GCC_SYMBOLS_PRIVATE_EXTERN = NO;
				GCC_WARN_64_TO_32_BIT_CONVERSION = YES;
				GCC_WARN_ABOUT_RETURN_TYPE = YES_ERROR;
				GCC_WARN_UNDECLARED_SELECTOR = YES;
				GCC_WARN_UNINITIALIZED_AUTOS = YES_AGGRESSIVE;
				GCC_WARN_UNUSED_FUNCTION = YES;
				GCC_WARN_UNUSED_VARIABLE = YES;
				IPHONEOS_DEPLOYMENT_TARGET = 7.0;
				MTL_ENABLE_DEBUG_INFO = YES;
				ONLY_ACTIVE_ARCH = YES;
				SDKROOT = iphoneos;
				TARGETED_DEVICE_FAMILY = "1,2";
			};
			name = Debug;
		};
		9287DE0419CF8C84009ADD5F /* Release */ = {
			isa = XCBuildConfiguration;
			buildSettings = {
				ALWAYS_SEARCH_USER_PATHS = NO;
				CLANG_CXX_LANGUAGE_STANDARD = "gnu++0x";
				CLANG_CXX_LIBRARY = "libc++";
				CLANG_ENABLE_MODULES = YES;
				CLANG_ENABLE_OBJC_ARC = YES;
				CLANG_WARN_BOOL_CONVERSION = YES;
				CLANG_WARN_CONSTANT_CONVERSION = YES;
				CLANG_WARN_DIRECT_OBJC_ISA_USAGE = YES_ERROR;
				CLANG_WARN_EMPTY_BODY = YES;
				CLANG_WARN_ENUM_CONVERSION = YES;
				CLANG_WARN_INT_CONVERSION = YES;
				CLANG_WARN_OBJC_ROOT_CLASS = YES_ERROR;
				CLANG_WARN_UNREACHABLE_CODE = YES;
				CLANG_WARN__DUPLICATE_METHOD_MATCH = YES;
				"CODE_SIGN_IDENTITY[sdk=iphoneos*]" = "iPhone Developer";
				COPY_PHASE_STRIP = YES;
				ENABLE_NS_ASSERTIONS = NO;
				ENABLE_STRICT_OBJC_MSGSEND = YES;
				GCC_C_LANGUAGE_STANDARD = gnu99;
				GCC_WARN_64_TO_32_BIT_CONVERSION = YES;
				GCC_WARN_ABOUT_RETURN_TYPE = YES_ERROR;
				GCC_WARN_UNDECLARED_SELECTOR = YES;
				GCC_WARN_UNINITIALIZED_AUTOS = YES_AGGRESSIVE;
				GCC_WARN_UNUSED_FUNCTION = YES;
				GCC_WARN_UNUSED_VARIABLE = YES;
				IPHONEOS_DEPLOYMENT_TARGET = 7.0;
				MTL_ENABLE_DEBUG_INFO = NO;
				SDKROOT = iphoneos;
				TARGETED_DEVICE_FAMILY = "1,2";
				VALIDATE_PRODUCT = YES;
			};
			name = Release;
		};
		9287DE0619CF8C84009ADD5F /* Debug */ = {
			isa = XCBuildConfiguration;
			buildSettings = {
				ASSETCATALOG_COMPILER_APPICON_NAME = AppIcon;
				ASSETCATALOG_COMPILER_LAUNCHIMAGE_NAME = LaunchImage;
				CODE_SIGN_IDENTITY = "iPhone Developer";
				"CODE_SIGN_IDENTITY[sdk=iphoneos*]" = "iPhone Developer";
				INFOPLIST_FILE = "Match the Arrow/Info.plist";
				IPHONEOS_DEPLOYMENT_TARGET = 7.0;
				LD_RUNPATH_SEARCH_PATHS = "$(inherited) @executable_path/Frameworks";
				LIBRARY_SEARCH_PATHS = (
					"$(inherited)",
					"$(PROJECT_DIR)/\"Match the Arrow\"",
				);
				PRODUCT_NAME = "$(TARGET_NAME)";
				PROVISIONING_PROFILE = "";
			};
			name = Debug;
		};
		9287DE0719CF8C84009ADD5F /* Release */ = {
			isa = XCBuildConfiguration;
			buildSettings = {
				ASSETCATALOG_COMPILER_APPICON_NAME = AppIcon;
				ASSETCATALOG_COMPILER_LAUNCHIMAGE_NAME = LaunchImage;
				CODE_SIGN_IDENTITY = "iPhone Developer";
				"CODE_SIGN_IDENTITY[sdk=iphoneos*]" = "iPhone Developer";
				INFOPLIST_FILE = "Match the Arrow/Info.plist";
				IPHONEOS_DEPLOYMENT_TARGET = 7.0;
				LD_RUNPATH_SEARCH_PATHS = "$(inherited) @executable_path/Frameworks";
				LIBRARY_SEARCH_PATHS = (
					"$(inherited)",
					"$(PROJECT_DIR)/\"Match the Arrow\"",
				);
				PRODUCT_NAME = "$(TARGET_NAME)";
				PROVISIONING_PROFILE = "";
			};
			name = Release;
		};
		9287DE0919CF8C84009ADD5F /* Debug */ = {
			isa = XCBuildConfiguration;
			buildSettings = {
				BUNDLE_LOADER = "$(TEST_HOST)";
				FRAMEWORK_SEARCH_PATHS = (
					"$(SDKROOT)/Developer/Library/Frameworks",
					"$(inherited)",
				);
				GCC_PREPROCESSOR_DEFINITIONS = (
					"DEBUG=1",
					"$(inherited)",
				);
				INFOPLIST_FILE = "Match the ArrowTests/Info.plist";
				LD_RUNPATH_SEARCH_PATHS = "$(inherited) @executable_path/Frameworks @loader_path/Frameworks";
				PRODUCT_NAME = "$(TARGET_NAME)";
				TEST_HOST = "$(BUILT_PRODUCTS_DIR)/Match the Arrow.app/Match the Arrow";
			};
			name = Debug;
		};
		9287DE0A19CF8C84009ADD5F /* Release */ = {
			isa = XCBuildConfiguration;
			buildSettings = {
				BUNDLE_LOADER = "$(TEST_HOST)";
				FRAMEWORK_SEARCH_PATHS = (
					"$(SDKROOT)/Developer/Library/Frameworks",
					"$(inherited)",
				);
				INFOPLIST_FILE = "Match the ArrowTests/Info.plist";
				LD_RUNPATH_SEARCH_PATHS = "$(inherited) @executable_path/Frameworks @loader_path/Frameworks";
				PRODUCT_NAME = "$(TARGET_NAME)";
				TEST_HOST = "$(BUILT_PRODUCTS_DIR)/Match the Arrow.app/Match the Arrow";
			};
			name = Release;
		};
/* End XCBuildConfiguration section */

/* Begin XCConfigurationList section */
		9287DDD819CF8C84009ADD5F /* Build configuration list for PBXProject "Match the Arrow" */ = {
			isa = XCConfigurationList;
			buildConfigurations = (
				9287DE0319CF8C84009ADD5F /* Debug */,
				9287DE0419CF8C84009ADD5F /* Release */,
			);
			defaultConfigurationIsVisible = 0;
			defaultConfigurationName = Release;
		};
		9287DE0519CF8C84009ADD5F /* Build configuration list for PBXNativeTarget "Match the Arrow" */ = {
			isa = XCConfigurationList;
			buildConfigurations = (
				9287DE0619CF8C84009ADD5F /* Debug */,
				9287DE0719CF8C84009ADD5F /* Release */,
			);
			defaultConfigurationIsVisible = 0;
			defaultConfigurationName = Release;
		};
		9287DE0819CF8C84009ADD5F /* Build configuration list for PBXNativeTarget "Match the ArrowTests" */ = {
			isa = XCConfigurationList;
			buildConfigurations = (
				9287DE0919CF8C84009ADD5F /* Debug */,
				9287DE0A19CF8C84009ADD5F /* Release */,
			);
			defaultConfigurationIsVisible = 0;
			defaultConfigurationName = Release;
		};
/* End XCConfigurationList section */
	};
	rootObject = 9287DDD519CF8C84009ADD5F /* Project object */;
}
