// !$*UTF8*$!
{
	archiveVersion = 1;
	classes = {
	};
	objectVersion = 46;
	objects = {

/* Begin PBXBuildFile section */
		9287DDE319CF8C84009ADD5F /* main.m in Sources */ = {isa = PBXBuildFile; fileRef = 9287DDE219CF8C84009ADD5F /* main.m */; };
		9287DDE619CF8C84009ADD5F /* AppDelegate.m in Sources */ = {isa = PBXBuildFile; fileRef = 9287DDE519CF8C84009ADD5F /* AppDelegate.m */; };
		9287DDE919CF8C84009ADD5F /* GameScene.m in Sources */ = {isa = PBXBuildFile; fileRef = 9287DDE819CF8C84009ADD5F /* GameScene.m */; };
		9287DDEB19CF8C84009ADD5F /* GameScene.sks in Resources */ = {isa = PBXBuildFile; fileRef = 9287DDEA19CF8C84009ADD5F /* GameScene.sks */; };
		9287DDEE19CF8C84009ADD5F /* GameViewController.m in Sources */ = {isa = PBXBuildFile; fileRef = 9287DDED19CF8C84009ADD5F /* GameViewController.m */; };
		9287DDF119CF8C84009ADD5F /* Main.storyboard in Resources */ = {isa = PBXBuildFile; fileRef = 9287DDEF19CF8C84009ADD5F /* Main.storyboard */; };
		9287DDF319CF8C84009ADD5F /* Images.xcassets in Resources */ = {isa = PBXBuildFile; fileRef = 9287DDF219CF8C84009ADD5F /* Images.xcassets */; };
		9287DDF619CF8C84009ADD5F /* LaunchScreen.xib in Resources */ = {isa = PBXBuildFile; fileRef = 9287DDF419CF8C84009ADD5F /* LaunchScreen.xib */; };
		9287DE0219CF8C84009ADD5F /* Match_the_ArrowTests.m in Sources */ = {isa = PBXBuildFile; fileRef = 9287DE0119CF8C84009ADD5F /* Match_the_ArrowTests.m */; };
/* End PBXBuildFile section */

/* Begin PBXContainerItemProxy section */
		9287DDFC19CF8C84009ADD5F /* PBXContainerItemProxy */ = {
			isa = PBXContainerItemProxy;
			containerPortal = 9287DDD519CF8C84009ADD5F /* Project object */;
			proxyType = 1;
			remoteGlobalIDString = 9287DDDC19CF8C84009ADD5F;
			remoteInfo = "Match the Arrow";
		};
/* End PBXContainerItemProxy section */

/* Begin PBXFileReference section */
		9287DDDD19CF8C84009ADD5F /* Match the Arrow.app */ = {isa = PBXFileReference; explicitFileType = wrapper.application; includeInIndex = 0; path = "Match the Arrow.app"; sourceTree = BUILT_PRODUCTS_DIR; };
		9287DDE119CF8C84009ADD5F /* Info.plist */ = {isa = PBXFileReference; lastKnownFileType = text.plist.xml; path = Info.plist; sourceTree = "<group>"; };
		9287DDE219CF8C84009ADD5F /* main.m */ = {isa = PBXFileReference; lastKnownFileType = sourcecode.c.objc; path = main.m; sourceTree = "<group>"; };
		9287DDE419CF8C84009ADD5F /* AppDelegate.h */ = {isa = PBXFileReference; lastKnownFileType = sourcecode.c.h; path = AppDelegate.h; sourceTree = "<group>"; };
		9287DDE519CF8C84009ADD5F /* AppDelegate.m */ = {isa = PBXFileReference; lastKnownFileType = sourcecode.c.objc; path = AppDelegate.m; sourceTree = "<group>"; };
		9287DDE719CF8C84009ADD5F /* GameScene.h */ = {isa = PBXFileReference; lastKnownFileType = sourcecode.c.h; path = GameScene.h; sourceTree = "<group>"; };
		9287DDE819CF8C84009ADD5F /* GameScene.m */ = {isa = PBXFileReference; lastKnownFileType = sourcecode.c.objc; path = GameScene.m; sourceTree = "<group>"; };
		9287DDEA19CF8C84009ADD5F /* GameScene.sks */ = {isa = PBXFileReference; lastKnownFileType = file.sks; path = GameScene.sks; sourceTree = "<group>"; };
		9287DDEC19CF8C84009ADD5F /* GameViewController.h */ = {isa = PBXFileReference; lastKnownFileType = sourcecode.c.h; path = GameViewController.h; sourceTree = "<group>"; };
		9287DDED19CF8C84009ADD5F /* GameViewController.m */ = {isa = PBXFileReference; lastKnownFileType = sourcecode.c.objc; path = GameViewController.m; sourceTree = "<group>"; };
		9287DDF019CF8C84009ADD5F /* Base */ = {isa = PBXFileReference; lastKnownFileType = file.storyboard; name = Base; path = Base.lproj/Main.storyboard; sourceTree = "<group>"; };
		9287DDF219CF8C84009ADD5F /* Images.xcassets */ = {isa = PBXFileReference; lastKnownFileType = folder.assetcatalog; path = Images.xcassets; sourceTree = "<group>"; };
		9287DDF519CF8C84009ADD5F /* Base */ = {isa = PBXFileReference; lastKnownFileType = file.xib; name = Base; path = Base.lproj/LaunchScreen.xib; sourceTree = "<group>"; };
		9287DDFB19CF8C84009ADD5F /* Match the ArrowTests.xctest */ = {isa = PBXFileReference; explicitFileType = wrapper.cfbundle; includeInIndex = 0; path = "Match the ArrowTests.xctest"; sourceTree = BUILT_PRODUCTS_DIR; };
		9287DE0019CF8C84009ADD5F /* Info.plist */ = {isa = PBXFileReference; lastKnownFileType = text.plist.xml; path = Info.plist; sourceTree = "<group>"; };
		9287DE0119CF8C84009ADD5F /* Match_the_ArrowTests.m */ = {isa = PBXFileReference; lastKnownFileType = sourcecode.c.objc; path = Match_the_ArrowTests.m; sourceTree = "<group>"; };
/* End PBXFileReference section */

/* Begin PBXFrameworksBuildPhase section */
		9287DDDA19CF8C84009ADD5F /* Frameworks */ = {
			isa = PBXFrameworksBuildPhase;
			buildActionMask = 2147483647;
			files = (
			);
			runOnlyForDeploymentPostprocessing = 0;
		};
		9287DDF819CF8C84009ADD5F /* Frameworks */ = {
			isa = PBXFrameworksBuildPhase;
			buildActionMask = 2147483647;
			files = (
			);
			runOnlyForDeploymentPostprocessing = 0;
		};
/* End PBXFrameworksBuildPhase section */

/* Begin PBXGroup section */
		9287DDD419CF8C84009ADD5F = {
			isa = PBXGroup;
			children = (
				9287DDDF19CF8C84009ADD5F /* Match the Arrow */,
				9287DDFE19CF8C84009ADD5F /* Match the ArrowTests */,
				9287DDDE19CF8C84009ADD5F /* Products */,
			);
			sourceTree = "<group>";
		};
		9287DDDE19CF8C84009ADD5F /* Products */ = {
			isa = PBXGroup;
			children = (
				9287DDDD19CF8C84009ADD5F /* Match the Arrow.app */,
				9287DDFB19CF8C84009ADD5F /* Match the ArrowTests.xctest */,
			);
			name = Products;
			sourceTree = "<group>";
		};
		9287DDDF19CF8C84009ADD5F /* Match the Arrow */ = {
			isa = PBXGroup;
			children = (
				9287DDE419CF8C84009ADD5F /* AppDelegate.h */,
				9287DDE519CF8C84009ADD5F /* AppDelegate.m */,
				9287DDE719CF8C84009ADD5F /* GameScene.h */,
				9287DDE819CF8C84009ADD5F /* GameScene.m */,
				9287DDEA19CF8C84009ADD5F /* GameScene.sks */,
				9287DDEC19CF8C84009ADD5F /* GameViewController.h */,
				9287DDED19CF8C84009ADD5F /* GameViewController.m */,
				9287DDEF19CF8C84009ADD5F /* Main.storyboard */,
				9287DDF219CF8C84009ADD5F /* Images.xcassets */,
				9287DDF419CF8C84009ADD5F /* LaunchScreen.xib */,
				9287DDE019CF8C84009ADD5F /* Supporting Files */,
			);
			path = "Match the Arrow";
			sourceTree = "<group>";
		};
		9287DDE019CF8C84009ADD5F /* Supporting Files */ = {
			isa = PBXGroup;
			children = (
				9287DDE119CF8C84009ADD5F /* Info.plist */,
				9287DDE219CF8C84009ADD5F /* main.m */,
			);
			name = "Supporting Files";
			sourceTree = "<group>";
		};
		9287DDFE19CF8C84009ADD5F /* Match the ArrowTests */ = {
			isa = PBXGroup;
			children = (
				9287DE0119CF8C84009ADD5F /* Match_the_ArrowTests.m */,
				9287DDFF19CF8C84009ADD5F /* Supporting Files */,
			);
			path = "Match the ArrowTests";
			sourceTree = "<group>";
		};
		9287DDFF19CF8C84009ADD5F /* Supporting Files */ = {
			isa = PBXGroup;
			children = (
				9287DE0019CF8C84009ADD5F /* Info.plist */,
			);
			name = "Supporting Files";
			sourceTree = "<group>";
		};
/* End PBXGroup section */

/* Begin PBXNativeTarget section */
		9287DDDC19CF8C84009ADD5F /* Match the Arrow */ = {
			isa = PBXNativeTarget;
			buildConfigurationList = 9287DE0519CF8C84009ADD5F /* Build configuration list for PBXNativeTarget "Match the Arrow" */;
			buildPhases = (
				9287DDD919CF8C84009ADD5F /* Sources */,
				9287DDDA19CF8C84009ADD5F /* Frameworks */,
				9287DDDB19CF8C84009ADD5F /* Resources */,
			);
			buildRules = (
			);
			dependencies = (
			);
			name = "Match the Arrow";
			productName = "Match the Arrow";
			productReference = 9287DDDD19CF8C84009ADD5F /* Match the Arrow.app */;
			productType = "com.apple.product-type.application";
		};
		9287DDFA19CF8C84009ADD5F /* Match the ArrowTests */ = {
			isa = PBXNativeTarget;
			buildConfigurationList = 9287DE0819CF8C84009ADD5F /* Build configuration list for PBXNativeTarget "Match the ArrowTests" */;
			buildPhases = (
				9287DDF719CF8C84009ADD5F /* Sources */,
				9287DDF819CF8C84009ADD5F /* Frameworks */,
				9287DDF919CF8C84009ADD5F /* Resources */,
			);
			buildRules = (
			);
			dependencies = (
				9287DDFD19CF8C84009ADD5F /* PBXTargetDependency */,
			);
			name = "Match the ArrowTests";
			productName = "Match the ArrowTests";
			productReference = 9287DDFB19CF8C84009ADD5F /* Match the ArrowTests.xctest */;
			productType = "com.apple.product-type.bundle.unit-test";
		};
/* End PBXNativeTarget section */

/* Begin PBXProject section */
		9287DDD519CF8C84009ADD5F /* Project object */ = {
			isa = PBXProject;
			attributes = {
				LastUpgradeCheck = 0600;
				ORGANIZATIONNAME = "Anthony Vella";
				TargetAttributes = {
					9287DDDC19CF8C84009ADD5F = {
						CreatedOnToolsVersion = 6.0;
					};
					9287DDFA19CF8C84009ADD5F = {
						CreatedOnToolsVersion = 6.0;
						TestTargetID = 9287DDDC19CF8C84009ADD5F;
					};
				};
			};
			buildConfigurationList = 9287DDD819CF8C84009ADD5F /* Build configuration list for PBXProject "Match the Arrow" */;
			compatibilityVersion = "Xcode 3.2";
			developmentRegion = English;
			hasScannedForEncodings = 0;
			knownRegions = (
				en,
				Base,
			);
			mainGroup = 9287DDD419CF8C84009ADD5F;
			productRefGroup = 9287DDDE19CF8C84009ADD5F /* Products */;
			projectDirPath = "";
			projectRoot = "";
			targets = (
				9287DDDC19CF8C84009ADD5F /* Match the Arrow */,
				9287DDFA19CF8C84009ADD5F /* Match the ArrowTests */,
			);
		};
/* End PBXProject section */

/* Begin PBXResourcesBuildPhase section */
		9287DDDB19CF8C84009ADD5F /* Resources */ = {
			isa = PBXResourcesBuildPhase;
			buildActionMask = 2147483647;
			files = (
				9287DDF619CF8C84009ADD5F /* LaunchScreen.xib in Resources */,
				9287DDF319CF8C84009ADD5F /* Images.xcassets in Resources */,
				9287DDEB19CF8C84009ADD5F /* GameScene.sks in Resources */,
				9287DDF119CF8C84009ADD5F /* Main.storyboard in Resources */,
			);
			runOnlyForDeploymentPostprocessing = 0;
		};
		9287DDF919CF8C84009ADD5F /* Resources */ = {
			isa = PBXResourcesBuildPhase;
			buildActionMask = 2147483647;
			files = (
			);
			runOnlyForDeploymentPostprocessing = 0;
		};
/* End PBXResourcesBuildPhase section */

/* Begin PBXSourcesBuildPhase section */
		9287DDD919CF8C84009ADD5F /* Sources */ = {
			isa = PBXSourcesBuildPhase;
			buildActionMask = 2147483647;
			files = (
				9287DDEE19CF8C84009ADD5F /* GameViewController.m in Sources */,
				9287DDE619CF8C84009ADD5F /* AppDelegate.m in Sources */,
				9287DDE919CF8C84009ADD5F /* GameScene.m in Sources */,
				9287DDE319CF8C84009ADD5F /* main.m in Sources */,
			);
			runOnlyForDeploymentPostprocessing = 0;
		};
		9287DDF719CF8C84009ADD5F /* Sources */ = {
			isa = PBXSourcesBuildPhase;
			buildActionMask = 2147483647;
			files = (
				9287DE0219CF8C84009ADD5F /* Match_the_ArrowTests.m in Sources */,
			);
			runOnlyForDeploymentPostprocessing = 0;
		};
/* End PBXSourcesBuildPhase section */

/* Begin PBXTargetDependency section */
		9287DDFD19CF8C84009ADD5F /* PBXTargetDependency */ = {
			isa = PBXTargetDependency;
			target = 9287DDDC19CF8C84009ADD5F /* Match the Arrow */;
			targetProxy = 9287DDFC19CF8C84009ADD5F /* PBXContainerItemProxy */;
		};
/* End PBXTargetDependency section */

/* Begin PBXVariantGroup section */
		9287DDEF19CF8C84009ADD5F /* Main.storyboard */ = {
			isa = PBXVariantGroup;
			children = (
				9287DDF019CF8C84009ADD5F /* Base */,
			);
			name = Main.storyboard;
			sourceTree = "<group>";
		};
		9287DDF419CF8C84009ADD5F /* LaunchScreen.xib */ = {
			isa = PBXVariantGroup;
			children = (
				9287DDF519CF8C84009ADD5F /* Base */,
			);
			name = LaunchScreen.xib;
			sourceTree = "<group>";
		};
/* End PBXVariantGroup section */

/* Begin XCBuildConfiguration section */
		9287DE0319CF8C84009ADD5F /* Debug */ = {
			isa = XCBuildConfiguration;
			buildSettings = {
				ALWAYS_SEARCH_USER_PATHS = NO;
				CLANG_CXX_LANGUAGE_STANDARD = "gnu++0x";
				CLANG_CXX_LIBRARY = "libc++";
				CLANG_ENABLE_MODULES = YES;
				CLANG_ENABLE_OBJC_ARC = YES;
				CLANG_WARN_BOOL_CONVERSION = YES;
				CLANG_WARN_CONSTANT_CONVERSION = YES;
				CLANG_WARN_DIRECT_OBJC_ISA_USAGE = YES_ERROR;
				CLANG_WARN_EMPTY_BODY = YES;
				CLANG_WARN_ENUM_CONVERSION = YES;
				CLANG_WARN_INT_CONVERSION = YES;
				CLANG_WARN_OBJC_ROOT_CLASS = YES_ERROR;
				CLANG_WARN_UNREACHABLE_CODE = YES;
				CLANG_WARN__DUPLICATE_METHOD_MATCH = YES;
				"CODE_SIGN_IDENTITY[sdk=iphoneos*]" = "iPhone Developer";
				COPY_PHASE_STRIP = NO;
				ENABLE_STRICT_OBJC_MSGSEND = YES;
				GCC_C_LANGUAGE_STANDARD = gnu99;
				GCC_DYNAMIC_NO_PIC = NO;
				GCC_OPTIMIZATION_LEVEL = 0;
				GCC_PREPROCESSOR_DEFINITIONS = (
					"DEBUG=1",
					"$(inherited)",
				);
				GCC_SYMBOLS_PRIVATE_EXTERN = NO;
				GCC_WARN_64_TO_32_BIT_CONVERSION = YES;
				GCC_WARN_ABOUT_RETURN_TYPE = YES_ERROR;
				GCC_WARN_UNDECLARED_SELECTOR = YES;
				GCC_WARN_UNINITIALIZED_AUTOS = YES_AGGRESSIVE;
				GCC_WARN_UNUSED_FUNCTION = YES;
				GCC_WARN_UNUSED_VARIABLE = YES;
				IPHONEOS_DEPLOYMENT_TARGET = 8.0;
				MTL_ENABLE_DEBUG_INFO = YES;
				ONLY_ACTIVE_ARCH = YES;
				SDKROOT = iphoneos;
				TARGETED_DEVICE_FAMILY = "1,2";
			};
			name = Debug;
		};
		9287DE0419CF8C84009ADD5F /* Release */ = {
			isa = XCBuildConfiguration;
			buildSettings = {
				ALWAYS_SEARCH_USER_PATHS = NO;
				CLANG_CXX_LANGUAGE_STANDARD = "gnu++0x";
				CLANG_CXX_LIBRARY = "libc++";
				CLANG_ENABLE_MODULES = YES;
				CLANG_ENABLE_OBJC_ARC = YES;
				CLANG_WARN_BOOL_CONVERSION = YES;
				CLANG_WARN_CONSTANT_CONVERSION = YES;
				CLANG_WARN_DIRECT_OBJC_ISA_USAGE = YES_ERROR;
				CLANG_WARN_EMPTY_BODY = YES;
				CLANG_WARN_ENUM_CONVERSION = YES;
				CLANG_WARN_INT_CONVERSION = YES;
				CLANG_WARN_OBJC_ROOT_CLASS = YES_ERROR;
				CLANG_WARN_UNREACHABLE_CODE = YES;
				CLANG_WARN__DUPLICATE_METHOD_MATCH = YES;
				"CODE_SIGN_IDENTITY[sdk=iphoneos*]" = "iPhone Developer";
				COPY_PHASE_STRIP = YES;
				ENABLE_NS_ASSERTIONS = NO;
				ENABLE_STRICT_OBJC_MSGSEND = YES;
				GCC_C_LANGUAGE_STANDARD = gnu99;
				GCC_WARN_64_TO_32_BIT_CONVERSION = YES;
				GCC_WARN_ABOUT_RETURN_TYPE = YES_ERROR;
				GCC_WARN_UNDECLARED_SELECTOR = YES;
				GCC_WARN_UNINITIALIZED_AUTOS = YES_AGGRESSIVE;
				GCC_WARN_UNUSED_FUNCTION = YES;
				GCC_WARN_UNUSED_VARIABLE = YES;
				IPHONEOS_DEPLOYMENT_TARGET = 8.0;
				MTL_ENABLE_DEBUG_INFO = NO;
				SDKROOT = iphoneos;
				TARGETED_DEVICE_FAMILY = "1,2";
				VALIDATE_PRODUCT = YES;
			};
			name = Release;
		};
		9287DE0619CF8C84009ADD5F /* Debug */ = {
			isa = XCBuildConfiguration;
			buildSettings = {
				ASSETCATALOG_COMPILER_APPICON_NAME = AppIcon;
				INFOPLIST_FILE = "Match the Arrow/Info.plist";
				LD_RUNPATH_SEARCH_PATHS = "$(inherited) @executable_path/Frameworks";
				PRODUCT_NAME = "$(TARGET_NAME)";
			};
			name = Debug;
		};
		9287DE0719CF8C84009ADD5F /* Release */ = {
			isa = XCBuildConfiguration;
			buildSettings = {
				ASSETCATALOG_COMPILER_APPICON_NAME = AppIcon;
				INFOPLIST_FILE = "Match the Arrow/Info.plist";
				LD_RUNPATH_SEARCH_PATHS = "$(inherited) @executable_path/Frameworks";
				PRODUCT_NAME = "$(TARGET_NAME)";
			};
			name = Release;
		};
		9287DE0919CF8C84009ADD5F /* Debug */ = {
			isa = XCBuildConfiguration;
			buildSettings = {
				BUNDLE_LOADER = "$(TEST_HOST)";
				FRAMEWORK_SEARCH_PATHS = (
					"$(SDKROOT)/Developer/Library/Frameworks",
					"$(inherited)",
				);
				GCC_PREPROCESSOR_DEFINITIONS = (
					"DEBUG=1",
					"$(inherited)",
				);
				INFOPLIST_FILE = "Match the ArrowTests/Info.plist";
				LD_RUNPATH_SEARCH_PATHS = "$(inherited) @executable_path/Frameworks @loader_path/Frameworks";
				PRODUCT_NAME = "$(TARGET_NAME)";
				TEST_HOST = "$(BUILT_PRODUCTS_DIR)/Match the Arrow.app/Match the Arrow";
			};
			name = Debug;
		};
		9287DE0A19CF8C84009ADD5F /* Release */ = {
			isa = XCBuildConfiguration;
			buildSettings = {
				BUNDLE_LOADER = "$(TEST_HOST)";
				FRAMEWORK_SEARCH_PATHS = (
					"$(SDKROOT)/Developer/Library/Frameworks",
					"$(inherited)",
				);
				INFOPLIST_FILE = "Match the ArrowTests/Info.plist";
				LD_RUNPATH_SEARCH_PATHS = "$(inherited) @executable_path/Frameworks @loader_path/Frameworks";
				PRODUCT_NAME = "$(TARGET_NAME)";
				TEST_HOST = "$(BUILT_PRODUCTS_DIR)/Match the Arrow.app/Match the Arrow";
			};
			name = Release;
		};
/* End XCBuildConfiguration section */

/* Begin XCConfigurationList section */
		9287DDD819CF8C84009ADD5F /* Build configuration list for PBXProject "Match the Arrow" */ = {
			isa = XCConfigurationList;
			buildConfigurations = (
				9287DE0319CF8C84009ADD5F /* Debug */,
				9287DE0419CF8C84009ADD5F /* Release */,
			);
			defaultConfigurationIsVisible = 0;
			defaultConfigurationName = Release;
		};
		9287DE0519CF8C84009ADD5F /* Build configuration list for PBXNativeTarget "Match the Arrow" */ = {
			isa = XCConfigurationList;
			buildConfigurations = (
				9287DE0619CF8C84009ADD5F /* Debug */,
				9287DE0719CF8C84009ADD5F /* Release */,
			);
			defaultConfigurationIsVisible = 0;
		};
		9287DE0819CF8C84009ADD5F /* Build configuration list for PBXNativeTarget "Match the ArrowTests" */ = {
			isa = XCConfigurationList;
			buildConfigurations = (
				9287DE0919CF8C84009ADD5F /* Debug */,
				9287DE0A19CF8C84009ADD5F /* Release */,
			);
			defaultConfigurationIsVisible = 0;
		};
/* End XCConfigurationList section */
	};
	rootObject = 9287DDD519CF8C84009ADD5F /* Project object */;
}
